// !$*UTF8*$!
{
	archiveVersion = 1;
	classes = {
	};
	objectVersion = 56;
	objects = {

/* Begin PBXBuildFile section */
		74B5EF822BCE858E00C29604 /* supaauthApp.swift in Sources */ = {isa = PBXBuildFile; fileRef = 74B5EF812BCE858E00C29604 /* supaauthApp.swift */; };
		74B5EF842BCE858E00C29604 /* ContentView.swift in Sources */ = {isa = PBXBuildFile; fileRef = 74B5EF832BCE858E00C29604 /* ContentView.swift */; };
		74B5EF862BCE858F00C29604 /* Assets.xcassets in Resources */ = {isa = PBXBuildFile; fileRef = 74B5EF852BCE858F00C29604 /* Assets.xcassets */; };
		74B5EF8A2BCE858F00C29604 /* Preview Assets.xcassets in Resources */ = {isa = PBXBuildFile; fileRef = 74B5EF892BCE858F00C29604 /* Preview Assets.xcassets */; };
		74B5EF922BCE864D00C29604 /* KeychainHelper.swift in Sources */ = {isa = PBXBuildFile; fileRef = 74B5EF912BCE864D00C29604 /* KeychainHelper.swift */; };
		74B5EF942BCE867800C29604 /* AuthManager.swift in Sources */ = {isa = PBXBuildFile; fileRef = 74B5EF932BCE867800C29604 /* AuthManager.swift */; };
		74B5EF972BCE87F900C29604 /* Auth in Frameworks */ = {isa = PBXBuildFile; productRef = 74B5EF962BCE87F900C29604 /* Auth */; };
		74B5EF992BCE87F900C29604 /* Functions in Frameworks */ = {isa = PBXBuildFile; productRef = 74B5EF982BCE87F900C29604 /* Functions */; };
		74B5EF9B2BCE87F900C29604 /* PostgREST in Frameworks */ = {isa = PBXBuildFile; productRef = 74B5EF9A2BCE87F900C29604 /* PostgREST */; };
		74B5EF9D2BCE87F900C29604 /* Realtime in Frameworks */ = {isa = PBXBuildFile; productRef = 74B5EF9C2BCE87F900C29604 /* Realtime */; };
		74B5EF9F2BCE87F900C29604 /* Storage in Frameworks */ = {isa = PBXBuildFile; productRef = 74B5EF9E2BCE87F900C29604 /* Storage */; };
		74B5EFA12BCE88D800C29604 /* SignInApple.swift in Sources */ = {isa = PBXBuildFile; fileRef = 74B5EFA02BCE88D800C29604 /* SignInApple.swift */; };
		74B5EFA42BCE8B1300C29604 /* Supabase in Frameworks */ = {isa = PBXBuildFile; productRef = 74B5EFA32BCE8B1300C29604 /* Supabase */; };
		74B5EFA82BCED18C00C29604 /* IdentifiedCollections in Frameworks */ = {isa = PBXBuildFile; productRef = 74B5EFA72BCED18C00C29604 /* IdentifiedCollections */; };
/* End PBXBuildFile section */

/* Begin PBXFileReference section */
		74B5EF7E2BCE858E00C29604 /* supaauth.app */ = {isa = PBXFileReference; explicitFileType = wrapper.application; includeInIndex = 0; path = supaauth.app; sourceTree = BUILT_PRODUCTS_DIR; };
		74B5EF812BCE858E00C29604 /* supaauthApp.swift */ = {isa = PBXFileReference; lastKnownFileType = sourcecode.swift; path = supaauthApp.swift; sourceTree = "<group>"; };
		74B5EF832BCE858E00C29604 /* ContentView.swift */ = {isa = PBXFileReference; lastKnownFileType = sourcecode.swift; path = ContentView.swift; sourceTree = "<group>"; };
		74B5EF852BCE858F00C29604 /* Assets.xcassets */ = {isa = PBXFileReference; lastKnownFileType = folder.assetcatalog; path = Assets.xcassets; sourceTree = "<group>"; };
		74B5EF872BCE858F00C29604 /* supaauth.entitlements */ = {isa = PBXFileReference; lastKnownFileType = text.plist.entitlements; path = supaauth.entitlements; sourceTree = "<group>"; };
		74B5EF892BCE858F00C29604 /* Preview Assets.xcassets */ = {isa = PBXFileReference; lastKnownFileType = folder.assetcatalog; path = "Preview Assets.xcassets"; sourceTree = "<group>"; };
		74B5EF912BCE864D00C29604 /* KeychainHelper.swift */ = {isa = PBXFileReference; lastKnownFileType = sourcecode.swift; path = KeychainHelper.swift; sourceTree = "<group>"; };
		74B5EF932BCE867800C29604 /* AuthManager.swift */ = {isa = PBXFileReference; lastKnownFileType = sourcecode.swift; path = AuthManager.swift; sourceTree = "<group>"; };
		74B5EFA02BCE88D800C29604 /* SignInApple.swift */ = {isa = PBXFileReference; lastKnownFileType = sourcecode.swift; path = SignInApple.swift; sourceTree = "<group>"; };
/* End PBXFileReference section */

/* Begin PBXFrameworksBuildPhase section */
		74B5EF7B2BCE858E00C29604 /* Frameworks */ = {
			isa = PBXFrameworksBuildPhase;
			buildActionMask = 2147483647;
			files = (
				74B5EF9B2BCE87F900C29604 /* PostgREST in Frameworks */,
				74B5EF992BCE87F900C29604 /* Functions in Frameworks */,
				74B5EFA42BCE8B1300C29604 /* Supabase in Frameworks */,
				74B5EF972BCE87F900C29604 /* Auth in Frameworks */,
				74B5EFA82BCED18C00C29604 /* IdentifiedCollections in Frameworks */,
				74B5EF9F2BCE87F900C29604 /* Storage in Frameworks */,
				74B5EF9D2BCE87F900C29604 /* Realtime in Frameworks */,
			);
			runOnlyForDeploymentPostprocessing = 0;
		};
/* End PBXFrameworksBuildPhase section */

/* Begin PBXGroup section */
		74B5EF752BCE858E00C29604 = {
			isa = PBXGroup;
			children = (
				74B5EFA52BCEC6F400C29604 /* supabase */,
				74B5EF802BCE858E00C29604 /* supaauth */,
				74B5EF7F2BCE858E00C29604 /* Products */,
				74B5EFA22BCE8B1300C29604 /* Frameworks */,
			);
			sourceTree = "<group>";
		};
		74B5EF7F2BCE858E00C29604 /* Products */ = {
			isa = PBXGroup;
			children = (
				74B5EF7E2BCE858E00C29604 /* supaauth.app */,
			);
			name = Products;
			sourceTree = "<group>";
		};
		74B5EF802BCE858E00C29604 /* supaauth */ = {
			isa = PBXGroup;
			children = (
				74B5EF902BCE863600C29604 /* Auth */,
				74B5EF812BCE858E00C29604 /* supaauthApp.swift */,
				74B5EF832BCE858E00C29604 /* ContentView.swift */,
				74B5EF852BCE858F00C29604 /* Assets.xcassets */,
				74B5EF872BCE858F00C29604 /* supaauth.entitlements */,
				74B5EF882BCE858F00C29604 /* Preview Content */,
			);
			path = supaauth;
			sourceTree = "<group>";
		};
		74B5EF882BCE858F00C29604 /* Preview Content */ = {
			isa = PBXGroup;
			children = (
				74B5EF892BCE858F00C29604 /* Preview Assets.xcassets */,
			);
			path = "Preview Content";
			sourceTree = "<group>";
		};
		74B5EF902BCE863600C29604 /* Auth */ = {
			isa = PBXGroup;
			children = (
				74B5EF912BCE864D00C29604 /* KeychainHelper.swift */,
				74B5EF932BCE867800C29604 /* AuthManager.swift */,
				74B5EFA02BCE88D800C29604 /* SignInApple.swift */,
			);
			path = Auth;
			sourceTree = "<group>";
		};
		74B5EFA22BCE8B1300C29604 /* Frameworks */ = {
			isa = PBXGroup;
			children = (
			);
			name = Frameworks;
			sourceTree = "<group>";
		};
		74B5EFA52BCEC6F400C29604 /* supabase */ = {
			isa = PBXGroup;
			children = (
			);
			path = supabase;
			sourceTree = "<group>";
		};
/* End PBXGroup section */

/* Begin PBXNativeTarget section */
		74B5EF7D2BCE858E00C29604 /* supaauth */ = {
			isa = PBXNativeTarget;
			buildConfigurationList = 74B5EF8D2BCE858F00C29604 /* Build configuration list for PBXNativeTarget "supaauth" */;
			buildPhases = (
				74B5EF7A2BCE858E00C29604 /* Sources */,
				74B5EF7B2BCE858E00C29604 /* Frameworks */,
				74B5EF7C2BCE858E00C29604 /* Resources */,
			);
			buildRules = (
			);
			dependencies = (
			);
			name = supaauth;
			packageProductDependencies = (
				74B5EF962BCE87F900C29604 /* Auth */,
				74B5EF982BCE87F900C29604 /* Functions */,
				74B5EF9A2BCE87F900C29604 /* PostgREST */,
				74B5EF9C2BCE87F900C29604 /* Realtime */,
				74B5EF9E2BCE87F900C29604 /* Storage */,
				74B5EFA32BCE8B1300C29604 /* Supabase */,
				74B5EFA72BCED18C00C29604 /* IdentifiedCollections */,
			);
			productName = supaauth;
			productReference = 74B5EF7E2BCE858E00C29604 /* supaauth.app */;
			productType = "com.apple.product-type.application";
		};
/* End PBXNativeTarget section */

/* Begin PBXProject section */
		74B5EF762BCE858E00C29604 /* Project object */ = {
			isa = PBXProject;
			attributes = {
				BuildIndependentTargetsInParallel = 1;
				LastSwiftUpdateCheck = 1530;
				LastUpgradeCheck = 1530;
				TargetAttributes = {
					74B5EF7D2BCE858E00C29604 = {
						CreatedOnToolsVersion = 15.3;
					};
				};
			};
			buildConfigurationList = 74B5EF792BCE858E00C29604 /* Build configuration list for PBXProject "supaauth" */;
			compatibilityVersion = "Xcode 14.0";
			developmentRegion = en;
			hasScannedForEncodings = 0;
			knownRegions = (
				en,
				Base,
			);
			mainGroup = 74B5EF752BCE858E00C29604;
			packageReferences = (
				74B5EF952BCE87F900C29604 /* XCRemoteSwiftPackageReference "supabase-swift" */,
				74B5EFA62BCED18C00C29604 /* XCRemoteSwiftPackageReference "swift-identified-collections" */,
			);
			productRefGroup = 74B5EF7F2BCE858E00C29604 /* Products */;
			projectDirPath = "";
			projectRoot = "";
			targets = (
				74B5EF7D2BCE858E00C29604 /* supaauth */,
			);
		};
/* End PBXProject section */

/* Begin PBXResourcesBuildPhase section */
		74B5EF7C2BCE858E00C29604 /* Resources */ = {
			isa = PBXResourcesBuildPhase;
			buildActionMask = 2147483647;
			files = (
				74B5EF8A2BCE858F00C29604 /* Preview Assets.xcassets in Resources */,
				74B5EF862BCE858F00C29604 /* Assets.xcassets in Resources */,
			);
			runOnlyForDeploymentPostprocessing = 0;
		};
/* End PBXResourcesBuildPhase section */

/* Begin PBXSourcesBuildPhase section */
		74B5EF7A2BCE858E00C29604 /* Sources */ = {
			isa = PBXSourcesBuildPhase;
			buildActionMask = 2147483647;
			files = (
				74B5EFA12BCE88D800C29604 /* SignInApple.swift in Sources */,
				74B5EF842BCE858E00C29604 /* ContentView.swift in Sources */,
				74B5EF942BCE867800C29604 /* AuthManager.swift in Sources */,
				74B5EF922BCE864D00C29604 /* KeychainHelper.swift in Sources */,
				74B5EF822BCE858E00C29604 /* supaauthApp.swift in Sources */,
			);
			runOnlyForDeploymentPostprocessing = 0;
		};
/* End PBXSourcesBuildPhase section */

/* Begin XCBuildConfiguration section */
		74B5EF8B2BCE858F00C29604 /* Debug */ = {
			isa = XCBuildConfiguration;
			buildSettings = {
				ALWAYS_SEARCH_USER_PATHS = NO;
				ASSETCATALOG_COMPILER_GENERATE_SWIFT_ASSET_SYMBOL_EXTENSIONS = YES;
				CLANG_ANALYZER_NONNULL = YES;
				CLANG_ANALYZER_NUMBER_OBJECT_CONVERSION = YES_AGGRESSIVE;
				CLANG_CXX_LANGUAGE_STANDARD = "gnu++20";
				CLANG_ENABLE_MODULES = YES;
				CLANG_ENABLE_OBJC_ARC = YES;
				CLANG_ENABLE_OBJC_WEAK = YES;
				CLANG_WARN_BLOCK_CAPTURE_AUTORELEASING = YES;
				CLANG_WARN_BOOL_CONVERSION = YES;
				CLANG_WARN_COMMA = YES;
				CLANG_WARN_CONSTANT_CONVERSION = YES;
				CLANG_WARN_DEPRECATED_OBJC_IMPLEMENTATIONS = YES;
				CLANG_WARN_DIRECT_OBJC_ISA_USAGE = YES_ERROR;
				CLANG_WARN_DOCUMENTATION_COMMENTS = YES;
				CLANG_WARN_EMPTY_BODY = YES;
				CLANG_WARN_ENUM_CONVERSION = YES;
				CLANG_WARN_INFINITE_RECURSION = YES;
				CLANG_WARN_INT_CONVERSION = YES;
				CLANG_WARN_NON_LITERAL_NULL_CONVERSION = YES;
				CLANG_WARN_OBJC_IMPLICIT_RETAIN_SELF = YES;
				CLANG_WARN_OBJC_LITERAL_CONVERSION = YES;
				CLANG_WARN_OBJC_ROOT_CLASS = YES_ERROR;
				CLANG_WARN_QUOTED_INCLUDE_IN_FRAMEWORK_HEADER = YES;
				CLANG_WARN_RANGE_LOOP_ANALYSIS = YES;
				CLANG_WARN_STRICT_PROTOTYPES = YES;
				CLANG_WARN_SUSPICIOUS_MOVE = YES;
				CLANG_WARN_UNGUARDED_AVAILABILITY = YES_AGGRESSIVE;
				CLANG_WARN_UNREACHABLE_CODE = YES;
				CLANG_WARN__DUPLICATE_METHOD_MATCH = YES;
				COPY_PHASE_STRIP = NO;
				DEBUG_INFORMATION_FORMAT = dwarf;
				ENABLE_STRICT_OBJC_MSGSEND = YES;
				ENABLE_TESTABILITY = YES;
				ENABLE_USER_SCRIPT_SANDBOXING = YES;
				GCC_C_LANGUAGE_STANDARD = gnu17;
				GCC_DYNAMIC_NO_PIC = NO;
				GCC_NO_COMMON_BLOCKS = YES;
				GCC_OPTIMIZATION_LEVEL = 0;
				GCC_PREPROCESSOR_DEFINITIONS = (
					"DEBUG=1",
					"$(inherited)",
				);
				GCC_WARN_64_TO_32_BIT_CONVERSION = YES;
				GCC_WARN_ABOUT_RETURN_TYPE = YES_ERROR;
				GCC_WARN_UNDECLARED_SELECTOR = YES;
				GCC_WARN_UNINITIALIZED_AUTOS = YES_AGGRESSIVE;
				GCC_WARN_UNUSED_FUNCTION = YES;
				GCC_WARN_UNUSED_VARIABLE = YES;
				LOCALIZATION_PREFERS_STRING_CATALOGS = YES;
				MTL_ENABLE_DEBUG_INFO = INCLUDE_SOURCE;
				MTL_FAST_MATH = YES;
				ONLY_ACTIVE_ARCH = YES;
				SWIFT_ACTIVE_COMPILATION_CONDITIONS = "DEBUG $(inherited)";
				SWIFT_OPTIMIZATION_LEVEL = "-Onone";
			};
			name = Debug;
		};
		74B5EF8C2BCE858F00C29604 /* Release */ = {
			isa = XCBuildConfiguration;
			buildSettings = {
				ALWAYS_SEARCH_USER_PATHS = NO;
				ASSETCATALOG_COMPILER_GENERATE_SWIFT_ASSET_SYMBOL_EXTENSIONS = YES;
				CLANG_ANALYZER_NONNULL = YES;
				CLANG_ANALYZER_NUMBER_OBJECT_CONVERSION = YES_AGGRESSIVE;
				CLANG_CXX_LANGUAGE_STANDARD = "gnu++20";
				CLANG_ENABLE_MODULES = YES;
				CLANG_ENABLE_OBJC_ARC = YES;
				CLANG_ENABLE_OBJC_WEAK = YES;
				CLANG_WARN_BLOCK_CAPTURE_AUTORELEASING = YES;
				CLANG_WARN_BOOL_CONVERSION = YES;
				CLANG_WARN_COMMA = YES;
				CLANG_WARN_CONSTANT_CONVERSION = YES;
				CLANG_WARN_DEPRECATED_OBJC_IMPLEMENTATIONS = YES;
				CLANG_WARN_DIRECT_OBJC_ISA_USAGE = YES_ERROR;
				CLANG_WARN_DOCUMENTATION_COMMENTS = YES;
				CLANG_WARN_EMPTY_BODY = YES;
				CLANG_WARN_ENUM_CONVERSION = YES;
				CLANG_WARN_INFINITE_RECURSION = YES;
				CLANG_WARN_INT_CONVERSION = YES;
				CLANG_WARN_NON_LITERAL_NULL_CONVERSION = YES;
				CLANG_WARN_OBJC_IMPLICIT_RETAIN_SELF = YES;
				CLANG_WARN_OBJC_LITERAL_CONVERSION = YES;
				CLANG_WARN_OBJC_ROOT_CLASS = YES_ERROR;
				CLANG_WARN_QUOTED_INCLUDE_IN_FRAMEWORK_HEADER = YES;
				CLANG_WARN_RANGE_LOOP_ANALYSIS = YES;
				CLANG_WARN_STRICT_PROTOTYPES = YES;
				CLANG_WARN_SUSPICIOUS_MOVE = YES;
				CLANG_WARN_UNGUARDED_AVAILABILITY = YES_AGGRESSIVE;
				CLANG_WARN_UNREACHABLE_CODE = YES;
				CLANG_WARN__DUPLICATE_METHOD_MATCH = YES;
				COPY_PHASE_STRIP = NO;
				DEBUG_INFORMATION_FORMAT = "dwarf-with-dsym";
				ENABLE_NS_ASSERTIONS = NO;
				ENABLE_STRICT_OBJC_MSGSEND = YES;
				ENABLE_USER_SCRIPT_SANDBOXING = YES;
				GCC_C_LANGUAGE_STANDARD = gnu17;
				GCC_NO_COMMON_BLOCKS = YES;
				GCC_WARN_64_TO_32_BIT_CONVERSION = YES;
				GCC_WARN_ABOUT_RETURN_TYPE = YES_ERROR;
				GCC_WARN_UNDECLARED_SELECTOR = YES;
				GCC_WARN_UNINITIALIZED_AUTOS = YES_AGGRESSIVE;
				GCC_WARN_UNUSED_FUNCTION = YES;
				GCC_WARN_UNUSED_VARIABLE = YES;
				LOCALIZATION_PREFERS_STRING_CATALOGS = YES;
				MTL_ENABLE_DEBUG_INFO = NO;
				MTL_FAST_MATH = YES;
				SWIFT_COMPILATION_MODE = wholemodule;
			};
			name = Release;
		};
		74B5EF8E2BCE858F00C29604 /* Debug */ = {
			isa = XCBuildConfiguration;
			buildSettings = {
				ASSETCATALOG_COMPILER_APPICON_NAME = AppIcon;
				ASSETCATALOG_COMPILER_GLOBAL_ACCENT_COLOR_NAME = AccentColor;
				CODE_SIGN_ENTITLEMENTS = supaauth/supaauth.entitlements;
				CODE_SIGN_STYLE = Automatic;
				CURRENT_PROJECT_VERSION = 1;
				DEVELOPMENT_ASSET_PATHS = "\"supaauth/Preview Content\"";
				DEVELOPMENT_TEAM = L3BWRJTFR9;
				ENABLE_HARDENED_RUNTIME = YES;
				ENABLE_PREVIEWS = YES;
				GENERATE_INFOPLIST_FILE = YES;
				"INFOPLIST_KEY_UIApplicationSceneManifest_Generation[sdk=iphoneos*]" = YES;
				"INFOPLIST_KEY_UIApplicationSceneManifest_Generation[sdk=iphonesimulator*]" = YES;
				"INFOPLIST_KEY_UIApplicationSupportsIndirectInputEvents[sdk=iphoneos*]" = YES;
				"INFOPLIST_KEY_UIApplicationSupportsIndirectInputEvents[sdk=iphonesimulator*]" = YES;
				"INFOPLIST_KEY_UILaunchScreen_Generation[sdk=iphoneos*]" = YES;
				"INFOPLIST_KEY_UILaunchScreen_Generation[sdk=iphonesimulator*]" = YES;
				"INFOPLIST_KEY_UIStatusBarStyle[sdk=iphoneos*]" = UIStatusBarStyleDefault;
				"INFOPLIST_KEY_UIStatusBarStyle[sdk=iphonesimulator*]" = UIStatusBarStyleDefault;
				INFOPLIST_KEY_UISupportedInterfaceOrientations_iPad = "UIInterfaceOrientationPortrait UIInterfaceOrientationPortraitUpsideDown UIInterfaceOrientationLandscapeLeft UIInterfaceOrientationLandscapeRight";
				INFOPLIST_KEY_UISupportedInterfaceOrientations_iPhone = "UIInterfaceOrientationPortrait UIInterfaceOrientationLandscapeLeft UIInterfaceOrientationLandscapeRight";
				IPHONEOS_DEPLOYMENT_TARGET = 17.4;
				LD_RUNPATH_SEARCH_PATHS = "@executable_path/Frameworks";
				"LD_RUNPATH_SEARCH_PATHS[sdk=macosx*]" = "@executable_path/../Frameworks";
				MACOSX_DEPLOYMENT_TARGET = 14.4;
				MARKETING_VERSION = 1.0;
				PRODUCT_BUNDLE_IDENTIFIER = dev.intest.supaauth;
				PRODUCT_NAME = "$(TARGET_NAME)";
				SDKROOT = auto;
				SUPPORTED_PLATFORMS = "iphoneos iphonesimulator";
				SUPPORTS_MACCATALYST = NO;
				SWIFT_EMIT_LOC_STRINGS = YES;
				SWIFT_VERSION = 5.0;
				TARGETED_DEVICE_FAMILY = "1,2";
			};
			name = Debug;
		};
		74B5EF8F2BCE858F00C29604 /* Release */ = {
			isa = XCBuildConfiguration;
			buildSettings = {
				ASSETCATALOG_COMPILER_APPICON_NAME = AppIcon;
				ASSETCATALOG_COMPILER_GLOBAL_ACCENT_COLOR_NAME = AccentColor;
				CODE_SIGN_ENTITLEMENTS = supaauth/supaauth.entitlements;
				CODE_SIGN_STYLE = Automatic;
				CURRENT_PROJECT_VERSION = 1;
				DEVELOPMENT_ASSET_PATHS = "\"supaauth/Preview Content\"";
				DEVELOPMENT_TEAM = L3BWRJTFR9;
				ENABLE_HARDENED_RUNTIME = YES;
				ENABLE_PREVIEWS = YES;
				GENERATE_INFOPLIST_FILE = YES;
				"INFOPLIST_KEY_UIApplicationSceneManifest_Generation[sdk=iphoneos*]" = YES;
				"INFOPLIST_KEY_UIApplicationSceneManifest_Generation[sdk=iphonesimulator*]" = YES;
				"INFOPLIST_KEY_UIApplicationSupportsIndirectInputEvents[sdk=iphoneos*]" = YES;
				"INFOPLIST_KEY_UIApplicationSupportsIndirectInputEvents[sdk=iphonesimulator*]" = YES;
				"INFOPLIST_KEY_UILaunchScreen_Generation[sdk=iphoneos*]" = YES;
				"INFOPLIST_KEY_UILaunchScreen_Generation[sdk=iphonesimulator*]" = YES;
				"INFOPLIST_KEY_UIStatusBarStyle[sdk=iphoneos*]" = UIStatusBarStyleDefault;
				"INFOPLIST_KEY_UIStatusBarStyle[sdk=iphonesimulator*]" = UIStatusBarStyleDefault;
				INFOPLIST_KEY_UISupportedInterfaceOrientations_iPad = "UIInterfaceOrientationPortrait UIInterfaceOrientationPortraitUpsideDown UIInterfaceOrientationLandscapeLeft UIInterfaceOrientationLandscapeRight";
				INFOPLIST_KEY_UISupportedInterfaceOrientations_iPhone = "UIInterfaceOrientationPortrait UIInterfaceOrientationLandscapeLeft UIInterfaceOrientationLandscapeRight";
				IPHONEOS_DEPLOYMENT_TARGET = 17.4;
				LD_RUNPATH_SEARCH_PATHS = "@executable_path/Frameworks";
				"LD_RUNPATH_SEARCH_PATHS[sdk=macosx*]" = "@executable_path/../Frameworks";
				MACOSX_DEPLOYMENT_TARGET = 14.4;
				MARKETING_VERSION = 1.0;
				PRODUCT_BUNDLE_IDENTIFIER = dev.intest.supaauth;
				PRODUCT_NAME = "$(TARGET_NAME)";
				SDKROOT = auto;
				SUPPORTED_PLATFORMS = "iphoneos iphonesimulator";
				SUPPORTS_MACCATALYST = NO;
				SWIFT_EMIT_LOC_STRINGS = YES;
				SWIFT_VERSION = 5.0;
				TARGETED_DEVICE_FAMILY = "1,2";
			};
			name = Release;
		};
/* End XCBuildConfiguration section */

/* Begin XCConfigurationList section */
		74B5EF792BCE858E00C29604 /* Build configuration list for PBXProject "supaauth" */ = {
			isa = XCConfigurationList;
			buildConfigurations = (
				74B5EF8B2BCE858F00C29604 /* Debug */,
				74B5EF8C2BCE858F00C29604 /* Release */,
			);
			defaultConfigurationIsVisible = 0;
			defaultConfigurationName = Release;
		};
		74B5EF8D2BCE858F00C29604 /* Build configuration list for PBXNativeTarget "supaauth" */ = {
			isa = XCConfigurationList;
			buildConfigurations = (
				74B5EF8E2BCE858F00C29604 /* Debug */,
				74B5EF8F2BCE858F00C29604 /* Release */,
			);
			defaultConfigurationIsVisible = 0;
			defaultConfigurationName = Release;
		};
/* End XCConfigurationList section */

/* Begin XCRemoteSwiftPackageReference section */
		74B5EF952BCE87F900C29604 /* XCRemoteSwiftPackageReference "supabase-swift" */ = {
			isa = XCRemoteSwiftPackageReference;
			repositoryURL = "https://github.com/supabase-community/supabase-swift.git";
			requirement = {
				kind = upToNextMajorVersion;
				minimumVersion = 2.6.0;
			};
		};
		74B5EFA62BCED18C00C29604 /* XCRemoteSwiftPackageReference "swift-identified-collections" */ = {
			isa = XCRemoteSwiftPackageReference;
			repositoryURL = "https://github.com/pointfreeco/swift-identified-collections";
			requirement = {
				kind = upToNextMajorVersion;
				minimumVersion = 1.0.0;
			};
		};
/* End XCRemoteSwiftPackageReference section */

/* Begin XCSwiftPackageProductDependency section */
		74B5EF962BCE87F900C29604 /* Auth */ = {
			isa = XCSwiftPackageProductDependency;
			package = 74B5EF952BCE87F900C29604 /* XCRemoteSwiftPackageReference "supabase-swift" */;
			productName = Auth;
		};
		74B5EF982BCE87F900C29604 /* Functions */ = {
			isa = XCSwiftPackageProductDependency;
			package = 74B5EF952BCE87F900C29604 /* XCRemoteSwiftPackageReference "supabase-swift" */;
			productName = Functions;
		};
		74B5EF9A2BCE87F900C29604 /* PostgREST */ = {
			isa = XCSwiftPackageProductDependency;
			package = 74B5EF952BCE87F900C29604 /* XCRemoteSwiftPackageReference "supabase-swift" */;
			productName = PostgREST;
		};
		74B5EF9C2BCE87F900C29604 /* Realtime */ = {
			isa = XCSwiftPackageProductDependency;
			package = 74B5EF952BCE87F900C29604 /* XCRemoteSwiftPackageReference "supabase-swift" */;
			productName = Realtime;
		};
		74B5EF9E2BCE87F900C29604 /* Storage */ = {
			isa = XCSwiftPackageProductDependency;
			package = 74B5EF952BCE87F900C29604 /* XCRemoteSwiftPackageReference "supabase-swift" */;
			productName = Storage;
		};
		74B5EFA32BCE8B1300C29604 /* Supabase */ = {
			isa = XCSwiftPackageProductDependency;
			package = 74B5EF952BCE87F900C29604 /* XCRemoteSwiftPackageReference "supabase-swift" */;
			productName = Supabase;
		};
		74B5EFA72BCED18C00C29604 /* IdentifiedCollections */ = {
			isa = XCSwiftPackageProductDependency;
			package = 74B5EFA62BCED18C00C29604 /* XCRemoteSwiftPackageReference "swift-identified-collections" */;
			productName = IdentifiedCollections;
		};
/* End XCSwiftPackageProductDependency section */
	};
	rootObject = 74B5EF762BCE858E00C29604 /* Project object */;
}
